
Microsoft Visual Studio Solution File, Format Version 12.00
Project("{FAE04EC0-301F-11D3-BF4B-00C04F79EFBC}") = "z2", "z2\z2.csproj", "{A9F050EB-30DE-457D-920A-A2C3BF229E57}"
EndProject
Project("{FAE04EC0-301F-11D3-BF4B-00C04F79EFBC}") = "testy", "testy\testy.csproj", "{94412246-C2B6-4BD1-9598-70BF567E30A6}"
EndProject
Global
	GlobalSection(SolutionConfigurationPlatforms) = preSolution
		Debug|Any CPU = Debug|Any CPU
		Release|Any CPU = Release|Any CPU
	EndGlobalSection
	GlobalSection(ProjectConfigurationPlatforms) = postSolution
		{A9F050EB-30DE-457D-920A-A2C3BF229E57}.Debug|Any CPU.ActiveCfg = Debug|Any CPU
		{A9F050EB-30DE-457D-920A-A2C3BF229E57}.Debug|Any CPU.Build.0 = Debug|Any CPU
		{A9F050EB-30DE-457D-920A-A2C3BF229E57}.Release|Any CPU.ActiveCfg = Release|Any CPU
		{A9F050EB-30DE-457D-920A-A2C3BF229E57}.Release|Any CPU.Build.0 = Release|Any CPU
		{94412246-C2B6-4BD1-9598-70BF567E30A6}.Debug|Any CPU.ActiveCfg = Debug|Any CPU
		{94412246-C2B6-4BD1-9598-70BF567E30A6}.Debug|Any CPU.Build.0 = Debug|Any CPU
		{94412246-C2B6-4BD1-9598-70BF567E30A6}.Release|Any CPU.ActiveCfg = Release|Any CPU
		{94412246-C2B6-4BD1-9598-70BF567E30A6}.Release|Any CPU.Build.0 = Release|Any CPU
	EndGlobalSection
EndGlobal
