
Microsoft Visual Studio Solution File, Format Version 12.00
Project("{FAE04EC0-301F-11D3-BF4B-00C04F79EFBC}") = "Z2", "Z2\Z2.csproj", "{EB471ABB-DC12-497E-AD5D-B08A1FB00F07}"
EndProject
Global
	GlobalSection(SolutionConfigurationPlatforms) = preSolution
		Debug|Any CPU = Debug|Any CPU
		Release|Any CPU = Release|Any CPU
	EndGlobalSection
	GlobalSection(ProjectConfigurationPlatforms) = postSolution
		{EB471ABB-DC12-497E-AD5D-B08A1FB00F07}.Debug|Any CPU.ActiveCfg = Debug|Any CPU
		{EB471ABB-DC12-497E-AD5D-B08A1FB00F07}.Debug|Any CPU.Build.0 = Debug|Any CPU
		{EB471ABB-DC12-497E-AD5D-B08A1FB00F07}.Release|Any CPU.ActiveCfg = Release|Any CPU
		{EB471ABB-DC12-497E-AD5D-B08A1FB00F07}.Release|Any CPU.Build.0 = Release|Any CPU
	EndGlobalSection
EndGlobal
